
Microsoft Visual Studio Solution File, Format Version 12.00
# Visual Studio Version 16
VisualStudioVersion = 16.0.31702.278
MinimumVisualStudioVersion = 10.0.40219.1
Project("{FAE04EC0-301F-11D3-BF4B-00C04F79EFBC}") = "i love", "i love.csproj", "{70C39A69-CB92-47B8-A588-802C1CC8EE70}"
EndProject
Global
	GlobalSection(SolutionConfigurationPlatforms) = preSolution
		Debug|Any CPU = Debug|Any CPU
		Release|Any CPU = Release|Any CPU
	EndGlobalSection
	GlobalSection(ProjectConfigurationPlatforms) = postSolution
		{70C39A69-CB92-47B8-A588-802C1CC8EE70}.Debug|Any CPU.ActiveCfg = Debug|Any CPU
		{70C39A69-CB92-47B8-A588-802C1CC8EE70}.Debug|Any CPU.Build.0 = Debug|Any CPU
		{70C39A69-CB92-47B8-A588-802C1CC8EE70}.Release|Any CPU.ActiveCfg = Release|Any CPU
		{70C39A69-CB92-47B8-A588-802C1CC8EE70}.Release|Any CPU.Build.0 = Release|Any CPU
	EndGlobalSection
	GlobalSection(SolutionProperties) = preSolution
		HideSolutionNode = FALSE
	EndGlobalSection
	GlobalSection(ExtensibilityGlobals) = postSolution
		SolutionGuid = {3147551F-AF7D-4082-A3CC-1D9ED06D6963}
	EndGlobalSection
EndGlobal
